
Microsoft Visual Studio Solution File, Format Version 12.00
# Visual Studio Version 17
VisualStudioVersion = 17.6.33829.357
MinimumVisualStudioVersion = 10.0.40219.1
Project("{9A19103F-16F7-4668-BE54-9A1E7A4F7556}") = "DoctorAPI", "DoctorAPI\DoctorAPI.csproj", "{8113899A-7375-4794-967C-5304E1A293B2}"
EndProject
Project("{9A19103F-16F7-4668-BE54-9A1E7A4F7556}") = "Data", "Data\Data.csproj", "{4127638F-919D-4619-9094-6721EA1496E7}"
EndProject
Project("{FAE04EC0-301F-11D3-BF4B-00C04F79EFBC}") = "Models", "Models_Layer\Models.csproj", "{2A32B77F-F08D-4E70-B2C0-A311F2EF19E8}"
EndProject
Global
	GlobalSection(SolutionConfigurationPlatforms) = preSolution
		Debug|Any CPU = Debug|Any CPU
		Release|Any CPU = Release|Any CPU
	EndGlobalSection
	GlobalSection(ProjectConfigurationPlatforms) = postSolution
		{8113899A-7375-4794-967C-5304E1A293B2}.Debug|Any CPU.ActiveCfg = Debug|Any CPU
		{8113899A-7375-4794-967C-5304E1A293B2}.Debug|Any CPU.Build.0 = Debug|Any CPU
		{8113899A-7375-4794-967C-5304E1A293B2}.Release|Any CPU.ActiveCfg = Release|Any CPU
		{8113899A-7375-4794-967C-5304E1A293B2}.Release|Any CPU.Build.0 = Release|Any CPU
		{4127638F-919D-4619-9094-6721EA1496E7}.Debug|Any CPU.ActiveCfg = Debug|Any CPU
		{4127638F-919D-4619-9094-6721EA1496E7}.Debug|Any CPU.Build.0 = Debug|Any CPU
		{4127638F-919D-4619-9094-6721EA1496E7}.Release|Any CPU.ActiveCfg = Release|Any CPU
		{4127638F-919D-4619-9094-6721EA1496E7}.Release|Any CPU.Build.0 = Release|Any CPU
		{2A32B77F-F08D-4E70-B2C0-A311F2EF19E8}.Debug|Any CPU.ActiveCfg = Debug|Any CPU
		{2A32B77F-F08D-4E70-B2C0-A311F2EF19E8}.Debug|Any CPU.Build.0 = Debug|Any CPU
		{2A32B77F-F08D-4E70-B2C0-A311F2EF19E8}.Release|Any CPU.ActiveCfg = Release|Any CPU
		{2A32B77F-F08D-4E70-B2C0-A311F2EF19E8}.Release|Any CPU.Build.0 = Release|Any CPU
	EndGlobalSection
	GlobalSection(SolutionProperties) = preSolution
		HideSolutionNode = FALSE
	EndGlobalSection
	GlobalSection(ExtensibilityGlobals) = postSolution
		SolutionGuid = {01FE5555-30DC-466E-9508-6FA5079CA139}
	EndGlobalSection
EndGlobal
